
Microsoft Visual Studio Solution File, Format Version 12.00
# Visual Studio 15
VisualStudioVersion = 15.0.27130.2026
MinimumVisualStudioVersion = 10.0.40219.1
Project("{FAE04EC0-301F-11D3-BF4B-00C04F79EFBC}") = "Vidly.Web", "Vidly.Web\Vidly.Web.csproj", "{BDA029E8-5683-408F-B03F-CFF63311EEAE}"
EndProject
Global
	GlobalSection(SolutionConfigurationPlatforms) = preSolution
		Debug|Any CPU = Debug|Any CPU
		Release|Any CPU = Release|Any CPU
	EndGlobalSection
	GlobalSection(ProjectConfigurationPlatforms) = postSolution
		{BDA029E8-5683-408F-B03F-CFF63311EEAE}.Debug|Any CPU.ActiveCfg = Debug|Any CPU
		{BDA029E8-5683-408F-B03F-CFF63311EEAE}.Debug|Any CPU.Build.0 = Debug|Any CPU
		{BDA029E8-5683-408F-B03F-CFF63311EEAE}.Release|Any CPU.ActiveCfg = Release|Any CPU
		{BDA029E8-5683-408F-B03F-CFF63311EEAE}.Release|Any CPU.Build.0 = Release|Any CPU
	EndGlobalSection
	GlobalSection(SolutionProperties) = preSolution
		HideSolutionNode = FALSE
	EndGlobalSection
	GlobalSection(ExtensibilityGlobals) = postSolution
		SolutionGuid = {5D7E467A-998F-401C-9655-A32F37D934B1}
	EndGlobalSection
EndGlobal
